<Solution>
  <Folder Name="/docs/">
    <Project Path="docs/Tldraw.Docs/Tldraw.Docs.csproj" />
  </Folder>
  <Folder Name="/src/">
    <Project Path="src/Tldraw.Blazor.App/Tldraw.Blazor.App.csproj" />
    <Project Path="src/Tldraw.Blazor.Core/Tldraw.Blazor.Core.csproj" />
    <Project Path="src/Tldraw.Blazor.Skia/Tldraw.Blazor.Skia.csproj" />
  </Folder>
</Solution>
